
Microsoft Visual Studio Solution File, Format Version 12.00
# Visual Studio 15
VisualStudioVersion = 15.0.27703.2026
MinimumVisualStudioVersion = 10.0.40219.1
Project("{FAE04EC0-301F-11D3-BF4B-00C04F79EFBC}") = "UnflipYourRide", "UnflipYourRide\UnflipYourRide.csproj", "{2CEAE666-CBA5-4FA6-AEE3-D6C5CFB2DE20}"
EndProject
Project("{FAE04EC0-301F-11D3-BF4B-00C04F79EFBC}") = "ItemCleanup", "ItemCleanup\ItemCleanup.csproj", "{4C8D12A9-8F0A-494F-93E5-77478AAAF676}"
EndProject
Project("{2150E333-8FDC-42A3-9474-1A3956D46DE8}") = "Solution Items", "Solution Items", "{56CD3377-BCE0-4CFE-B3B1-E499374B7E0B}"
	ProjectSection(SolutionItems) = preProject
		COPYING.TXT = COPYING.TXT
		README.md = README.md
	EndProjectSection
EndProject
Project("{FAE04EC0-301F-11D3-BF4B-00C04F79EFBC}") = "WhatIsThis", "WhatIsThis\WhatIsThis.csproj", "{D90D06B8-BF24-4882-80AD-D0692A21D67E}"
EndProject
Project("{FAE04EC0-301F-11D3-BF4B-00C04F79EFBC}") = "ListGameObjects", "ListGameObjects\ListGameObjects.csproj", "{FAABAF24-B6C0-42DF-BB85-C49A13729810}"
EndProject
Project("{FAE04EC0-301F-11D3-BF4B-00C04F79EFBC}") = "AlivieskaGpsServer", "AlivieskaGpsServer\AlivieskaGpsServer.csproj", "{2BF7A40D-4C2F-4824-8BEE-EE2FCAA5D0A0}"
EndProject
Project("{FAE04EC0-301F-11D3-BF4B-00C04F79EFBC}") = "AlivieskaGpsClient", "AlivieskaGpsClient\AlivieskaGpsClient.csproj", "{78B2BD1A-1B95-481C-BCF7-88F52781CB10}"
EndProject
Project("{FAE04EC0-301F-11D3-BF4B-00C04F79EFBC}") = "CarryMore", "CarryMore\CarryMore.csproj", "{ED96368F-25D4-4839-9534-222D0C38F66C}"
EndProject
Project("{FAE04EC0-301F-11D3-BF4B-00C04F79EFBC}") = "Floodlight", "Floodlight\Floodlight.csproj", "{9E1C0D65-99EE-463A-A7AC-F3DE2C1848EA}"
EndProject
Project("{FAE04EC0-301F-11D3-BF4B-00C04F79EFBC}") = "Resizer", "Resizer\Resizer.csproj", "{68B879B4-3F0D-4574-B048-BF5D101404D7}"
EndProject
Project("{FAE04EC0-301F-11D3-BF4B-00C04F79EFBC}") = "LightSwitchMarkers", "LightSwitchMarkers\LightSwitchMarkers.csproj", "{A3ABDFFB-3AAC-4620-A93F-8B4DA7F1A0FE}"
EndProject
Project("{FAE04EC0-301F-11D3-BF4B-00C04F79EFBC}") = "SleepingPills", "SleepingPills\SleepingPills.csproj", "{1C7944E2-2E02-4373-AEB9-5A3EC49A62FF}"
EndProject
Global
	GlobalSection(SolutionConfigurationPlatforms) = preSolution
		Debug|Any CPU = Debug|Any CPU
		Release|Any CPU = Release|Any CPU
	EndGlobalSection
	GlobalSection(ProjectConfigurationPlatforms) = postSolution
		{2CEAE666-CBA5-4FA6-AEE3-D6C5CFB2DE20}.Debug|Any CPU.ActiveCfg = Debug|Any CPU
		{2CEAE666-CBA5-4FA6-AEE3-D6C5CFB2DE20}.Debug|Any CPU.Build.0 = Debug|Any CPU
		{2CEAE666-CBA5-4FA6-AEE3-D6C5CFB2DE20}.Release|Any CPU.ActiveCfg = Release|Any CPU
		{2CEAE666-CBA5-4FA6-AEE3-D6C5CFB2DE20}.Release|Any CPU.Build.0 = Release|Any CPU
		{4C8D12A9-8F0A-494F-93E5-77478AAAF676}.Debug|Any CPU.ActiveCfg = Debug|Any CPU
		{4C8D12A9-8F0A-494F-93E5-77478AAAF676}.Debug|Any CPU.Build.0 = Debug|Any CPU
		{4C8D12A9-8F0A-494F-93E5-77478AAAF676}.Release|Any CPU.ActiveCfg = Release|Any CPU
		{4C8D12A9-8F0A-494F-93E5-77478AAAF676}.Release|Any CPU.Build.0 = Release|Any CPU
		{D90D06B8-BF24-4882-80AD-D0692A21D67E}.Debug|Any CPU.ActiveCfg = Debug|Any CPU
		{D90D06B8-BF24-4882-80AD-D0692A21D67E}.Debug|Any CPU.Build.0 = Debug|Any CPU
		{D90D06B8-BF24-4882-80AD-D0692A21D67E}.Release|Any CPU.ActiveCfg = Release|Any CPU
		{D90D06B8-BF24-4882-80AD-D0692A21D67E}.Release|Any CPU.Build.0 = Release|Any CPU
		{FAABAF24-B6C0-42DF-BB85-C49A13729810}.Debug|Any CPU.ActiveCfg = Debug|Any CPU
		{FAABAF24-B6C0-42DF-BB85-C49A13729810}.Debug|Any CPU.Build.0 = Debug|Any CPU
		{FAABAF24-B6C0-42DF-BB85-C49A13729810}.Release|Any CPU.ActiveCfg = Release|Any CPU
		{FAABAF24-B6C0-42DF-BB85-C49A13729810}.Release|Any CPU.Build.0 = Release|Any CPU
		{2BF7A40D-4C2F-4824-8BEE-EE2FCAA5D0A0}.Debug|Any CPU.ActiveCfg = Debug|Any CPU
		{2BF7A40D-4C2F-4824-8BEE-EE2FCAA5D0A0}.Debug|Any CPU.Build.0 = Debug|Any CPU
		{2BF7A40D-4C2F-4824-8BEE-EE2FCAA5D0A0}.Release|Any CPU.ActiveCfg = Release|Any CPU
		{2BF7A40D-4C2F-4824-8BEE-EE2FCAA5D0A0}.Release|Any CPU.Build.0 = Release|Any CPU
		{78B2BD1A-1B95-481C-BCF7-88F52781CB10}.Debug|Any CPU.ActiveCfg = Debug|Any CPU
		{78B2BD1A-1B95-481C-BCF7-88F52781CB10}.Debug|Any CPU.Build.0 = Debug|Any CPU
		{78B2BD1A-1B95-481C-BCF7-88F52781CB10}.Release|Any CPU.ActiveCfg = Release|Any CPU
		{78B2BD1A-1B95-481C-BCF7-88F52781CB10}.Release|Any CPU.Build.0 = Release|Any CPU
		{ED96368F-25D4-4839-9534-222D0C38F66C}.Debug|Any CPU.ActiveCfg = Debug|Any CPU
		{ED96368F-25D4-4839-9534-222D0C38F66C}.Debug|Any CPU.Build.0 = Debug|Any CPU
		{ED96368F-25D4-4839-9534-222D0C38F66C}.Release|Any CPU.ActiveCfg = Release|Any CPU
		{ED96368F-25D4-4839-9534-222D0C38F66C}.Release|Any CPU.Build.0 = Release|Any CPU
		{9E1C0D65-99EE-463A-A7AC-F3DE2C1848EA}.Debug|Any CPU.ActiveCfg = Debug|Any CPU
		{9E1C0D65-99EE-463A-A7AC-F3DE2C1848EA}.Debug|Any CPU.Build.0 = Debug|Any CPU
		{9E1C0D65-99EE-463A-A7AC-F3DE2C1848EA}.Release|Any CPU.ActiveCfg = Release|Any CPU
		{9E1C0D65-99EE-463A-A7AC-F3DE2C1848EA}.Release|Any CPU.Build.0 = Release|Any CPU
		{68B879B4-3F0D-4574-B048-BF5D101404D7}.Debug|Any CPU.ActiveCfg = Debug|Any CPU
		{68B879B4-3F0D-4574-B048-BF5D101404D7}.Debug|Any CPU.Build.0 = Debug|Any CPU
		{68B879B4-3F0D-4574-B048-BF5D101404D7}.Release|Any CPU.ActiveCfg = Release|Any CPU
		{68B879B4-3F0D-4574-B048-BF5D101404D7}.Release|Any CPU.Build.0 = Release|Any CPU
		{A3ABDFFB-3AAC-4620-A93F-8B4DA7F1A0FE}.Debug|Any CPU.ActiveCfg = Debug|Any CPU
		{A3ABDFFB-3AAC-4620-A93F-8B4DA7F1A0FE}.Debug|Any CPU.Build.0 = Debug|Any CPU
		{A3ABDFFB-3AAC-4620-A93F-8B4DA7F1A0FE}.Release|Any CPU.ActiveCfg = Release|Any CPU
		{A3ABDFFB-3AAC-4620-A93F-8B4DA7F1A0FE}.Release|Any CPU.Build.0 = Release|Any CPU
		{1C7944E2-2E02-4373-AEB9-5A3EC49A62FF}.Debug|Any CPU.ActiveCfg = Debug|Any CPU
		{1C7944E2-2E02-4373-AEB9-5A3EC49A62FF}.Debug|Any CPU.Build.0 = Debug|Any CPU
		{1C7944E2-2E02-4373-AEB9-5A3EC49A62FF}.Release|Any CPU.ActiveCfg = Release|Any CPU
		{1C7944E2-2E02-4373-AEB9-5A3EC49A62FF}.Release|Any CPU.Build.0 = Release|Any CPU
	EndGlobalSection
	GlobalSection(SolutionProperties) = preSolution
		HideSolutionNode = FALSE
	EndGlobalSection
	GlobalSection(ExtensibilityGlobals) = postSolution
		SolutionGuid = {26E13014-53FE-491F-9DAF-76C219AC7156}
	EndGlobalSection
EndGlobal
